# This file is autogenerated, do not edit; changes may be undone by the next 'dep ensure'.


[[projects]]
  branch = "master"
  digest = "1:1c22f05166214321a2a36d62a71241533d5117317637dd13d5e2d35fc33ff037"
  name = "github.com/bitfinexcom/bitfinex-api-go"
  packages = ["v2"]
  pruneopts = "UT"
  revision = "4d37e8d4be18f16ab50082b0c2c080542225f4a0"

[solve-meta]
  analyzer-name = "dep"
  analyzer-version = 1
  input-imports = ["github.com/bitfinexcom/bitfinex-api-go/v2"]
  solver-name = "gps-cdcl"
  solver-version = 1
